
Microsoft Visual Studio Solution File, Format Version 12.00
# Visual Studio 14
VisualStudioVersion = 14.0.25420.1
MinimumVisualStudioVersion = 10.0.40219.1
Project("{FAE04EC0-301F-11D3-BF4B-00C04F79EFBC}") = "GUI", "GUI\GUI.csproj", "{DDC14255-AFC6-49EB-A100-963C1051BAB5}"
EndProject
Project("{FAE04EC0-301F-11D3-BF4B-00C04F79EFBC}") = "BUS", "BUS\BUS.csproj", "{8F94D8D2-366E-466D-A561-38210C5AE93D}"
EndProject
Project("{FAE04EC0-301F-11D3-BF4B-00C04F79EFBC}") = "DAO", "DAO\DAO.csproj", "{275134C7-307A-4EF9-AF34-2B2AD880C4B4}"
EndProject
Project("{FAE04EC0-301F-11D3-BF4B-00C04F79EFBC}") = "DTO_Model", "DTO_Model\DTO_Model.csproj", "{0B834F1B-B086-4039-AF09-12E0A62FA806}"
EndProject
Global
	GlobalSection(SolutionConfigurationPlatforms) = preSolution
		Debug|Any CPU = Debug|Any CPU
		Release|Any CPU = Release|Any CPU
	EndGlobalSection
	GlobalSection(ProjectConfigurationPlatforms) = postSolution
		{DDC14255-AFC6-49EB-A100-963C1051BAB5}.Debug|Any CPU.ActiveCfg = Debug|Any CPU
		{DDC14255-AFC6-49EB-A100-963C1051BAB5}.Debug|Any CPU.Build.0 = Debug|Any CPU
		{DDC14255-AFC6-49EB-A100-963C1051BAB5}.Release|Any CPU.ActiveCfg = Release|Any CPU
		{DDC14255-AFC6-49EB-A100-963C1051BAB5}.Release|Any CPU.Build.0 = Release|Any CPU
		{8F94D8D2-366E-466D-A561-38210C5AE93D}.Debug|Any CPU.ActiveCfg = Debug|Any CPU
		{8F94D8D2-366E-466D-A561-38210C5AE93D}.Debug|Any CPU.Build.0 = Debug|Any CPU
		{8F94D8D2-366E-466D-A561-38210C5AE93D}.Release|Any CPU.ActiveCfg = Release|Any CPU
		{8F94D8D2-366E-466D-A561-38210C5AE93D}.Release|Any CPU.Build.0 = Release|Any CPU
		{275134C7-307A-4EF9-AF34-2B2AD880C4B4}.Debug|Any CPU.ActiveCfg = Debug|Any CPU
		{275134C7-307A-4EF9-AF34-2B2AD880C4B4}.Debug|Any CPU.Build.0 = Debug|Any CPU
		{275134C7-307A-4EF9-AF34-2B2AD880C4B4}.Release|Any CPU.ActiveCfg = Release|Any CPU
		{275134C7-307A-4EF9-AF34-2B2AD880C4B4}.Release|Any CPU.Build.0 = Release|Any CPU
		{0B834F1B-B086-4039-AF09-12E0A62FA806}.Debug|Any CPU.ActiveCfg = Debug|Any CPU
		{0B834F1B-B086-4039-AF09-12E0A62FA806}.Debug|Any CPU.Build.0 = Debug|Any CPU
		{0B834F1B-B086-4039-AF09-12E0A62FA806}.Release|Any CPU.ActiveCfg = Release|Any CPU
		{0B834F1B-B086-4039-AF09-12E0A62FA806}.Release|Any CPU.Build.0 = Release|Any CPU
	EndGlobalSection
	GlobalSection(SolutionProperties) = preSolution
		HideSolutionNode = FALSE
	EndGlobalSection
EndGlobal
