
Microsoft Visual Studio Solution File, Format Version 12.00
# Visual Studio 2013
VisualStudioVersion = 12.0.40629.0
MinimumVisualStudioVersion = 10.0.40219.1
Project("{FAE04EC0-301F-11D3-BF4B-00C04F79EFBC}") = "GUI", "GUI\GUI.csproj", "{360A4300-51F2-4B74-BC56-DDE554892496}"
EndProject
Project("{FAE04EC0-301F-11D3-BF4B-00C04F79EFBC}") = "DAO", "DAO\DAO.csproj", "{2357FE68-6BB1-4988-ACC9-5F59AEC29133}"
EndProject
Project("{FAE04EC0-301F-11D3-BF4B-00C04F79EFBC}") = "BUS", "BUS\BUS.csproj", "{8142BA12-ECDA-4591-BC70-C40F51F92D25}"
EndProject
Project("{FAE04EC0-301F-11D3-BF4B-00C04F79EFBC}") = "DTO_Model", "DTO_Model\DTO_Model.csproj", "{1927B59E-D4B6-4FB9-8F20-809723092950}"
EndProject
Global
	GlobalSection(SolutionConfigurationPlatforms) = preSolution
		Debug|Any CPU = Debug|Any CPU
		Release|Any CPU = Release|Any CPU
	EndGlobalSection
	GlobalSection(ProjectConfigurationPlatforms) = postSolution
		{360A4300-51F2-4B74-BC56-DDE554892496}.Debug|Any CPU.ActiveCfg = Debug|Any CPU
		{360A4300-51F2-4B74-BC56-DDE554892496}.Debug|Any CPU.Build.0 = Debug|Any CPU
		{360A4300-51F2-4B74-BC56-DDE554892496}.Release|Any CPU.ActiveCfg = Release|Any CPU
		{360A4300-51F2-4B74-BC56-DDE554892496}.Release|Any CPU.Build.0 = Release|Any CPU
		{2357FE68-6BB1-4988-ACC9-5F59AEC29133}.Debug|Any CPU.ActiveCfg = Debug|Any CPU
		{2357FE68-6BB1-4988-ACC9-5F59AEC29133}.Debug|Any CPU.Build.0 = Debug|Any CPU
		{2357FE68-6BB1-4988-ACC9-5F59AEC29133}.Release|Any CPU.ActiveCfg = Release|Any CPU
		{2357FE68-6BB1-4988-ACC9-5F59AEC29133}.Release|Any CPU.Build.0 = Release|Any CPU
		{8142BA12-ECDA-4591-BC70-C40F51F92D25}.Debug|Any CPU.ActiveCfg = Debug|Any CPU
		{8142BA12-ECDA-4591-BC70-C40F51F92D25}.Debug|Any CPU.Build.0 = Debug|Any CPU
		{8142BA12-ECDA-4591-BC70-C40F51F92D25}.Release|Any CPU.ActiveCfg = Release|Any CPU
		{8142BA12-ECDA-4591-BC70-C40F51F92D25}.Release|Any CPU.Build.0 = Release|Any CPU
		{1927B59E-D4B6-4FB9-8F20-809723092950}.Debug|Any CPU.ActiveCfg = Debug|Any CPU
		{1927B59E-D4B6-4FB9-8F20-809723092950}.Debug|Any CPU.Build.0 = Debug|Any CPU
		{1927B59E-D4B6-4FB9-8F20-809723092950}.Release|Any CPU.ActiveCfg = Release|Any CPU
		{1927B59E-D4B6-4FB9-8F20-809723092950}.Release|Any CPU.Build.0 = Release|Any CPU
	EndGlobalSection
	GlobalSection(SolutionProperties) = preSolution
		HideSolutionNode = FALSE
	EndGlobalSection
EndGlobal
